// !$*UTF8*$!
{
	archiveVersion = 1;
	classes = {
	};
	objectVersion = 50;
	objects = {

/* Begin PBXBuildFile section */
		FFB83B54238E74EB00164578 /* main.m in Sources */ = {isa = PBXBuildFile; fileRef = FFB83B53238E74EB00164578 /* main.m */; };
		FFB83B5E238E755E00164578 /* parseCSV.m in Sources */ = {isa = PBXBuildFile; fileRef = FFB83B5D238E755E00164578 /* parseCSV.m */; };
		FFB83B62238E758600164578 /* NSString+FGReverser.m in Sources */ = {isa = PBXBuildFile; fileRef = FFB83B61238E758600164578 /* NSString+FGReverser.m */; };
/* End PBXBuildFile section */

/* Begin PBXCopyFilesBuildPhase section */
		FFB83B4E238E74EB00164578 /* CopyFiles */ = {
			isa = PBXCopyFilesBuildPhase;
			buildActionMask = 2147483647;
			dstPath = /usr/share/man/man1/;
			dstSubfolderSpec = 0;
			files = (
			);
			runOnlyForDeploymentPostprocessing = 1;
		};
/* End PBXCopyFilesBuildPhase section */

/* Begin PBXFileReference section */
		FFB83B50238E74EB00164578 /* CSV2Plist */ = {isa = PBXFileReference; explicitFileType = "compiled.mach-o.executable"; includeInIndex = 0; path = CSV2Plist; sourceTree = BUILT_PRODUCTS_DIR; };
		FFB83B53238E74EB00164578 /* main.m */ = {isa = PBXFileReference; lastKnownFileType = sourcecode.c.objc; path = main.m; sourceTree = "<group>"; };
		FFB83B5B238E755E00164578 /* JXArcCompatibilityMacros.h */ = {isa = PBXFileReference; fileEncoding = 4; lastKnownFileType = sourcecode.c.h; path = JXArcCompatibilityMacros.h; sourceTree = "<group>"; };
		FFB83B5C238E755E00164578 /* parseCSV.h */ = {isa = PBXFileReference; fileEncoding = 4; lastKnownFileType = sourcecode.c.h; path = parseCSV.h; sourceTree = "<group>"; };
		FFB83B5D238E755E00164578 /* parseCSV.m */ = {isa = PBXFileReference; fileEncoding = 4; lastKnownFileType = sourcecode.c.objc; path = parseCSV.m; sourceTree = "<group>"; };
		FFB83B60238E758600164578 /* NSString+FGReverser.h */ = {isa = PBXFileReference; fileEncoding = 4; lastKnownFileType = sourcecode.c.h; path = "NSString+FGReverser.h"; sourceTree = "<group>"; };
		FFB83B61238E758600164578 /* NSString+FGReverser.m */ = {isa = PBXFileReference; fileEncoding = 4; lastKnownFileType = sourcecode.c.objc; path = "NSString+FGReverser.m"; sourceTree = "<group>"; };
		FFB83B63238E761800164578 /* 腾讯短信国家号utf8.csv */ = {isa = PBXFileReference; fileEncoding = 4; lastKnownFileType = text; path = "腾讯短信国家号utf8.csv"; sourceTree = "<group>"; };
/* End PBXFileReference section */

/* Begin PBXFrameworksBuildPhase section */
		FFB83B4D238E74EB00164578 /* Frameworks */ = {
			isa = PBXFrameworksBuildPhase;
			buildActionMask = 2147483647;
			files = (
			);
			runOnlyForDeploymentPostprocessing = 0;
		};
/* End PBXFrameworksBuildPhase section */

/* Begin PBXGroup section */
		FFB83B47238E74EB00164578 = {
			isa = PBXGroup;
			children = (
				FFB83B52238E74EB00164578 /* CSV2Plist */,
				FFB83B51238E74EB00164578 /* Products */,
			);
			sourceTree = "<group>";
		};
		FFB83B51238E74EB00164578 /* Products */ = {
			isa = PBXGroup;
			children = (
				FFB83B50238E74EB00164578 /* CSV2Plist */,
			);
			name = Products;
			sourceTree = "<group>";
		};
		FFB83B52238E74EB00164578 /* CSV2Plist */ = {
			isa = PBXGroup;
			children = (
				FFB83B63238E761800164578 /* 腾讯短信国家号utf8.csv */,
				FFB83B5F238E756400164578 /* SimpleToTradition */,
				FFB83B5A238E754A00164578 /* CSVParse */,
				FFB83B53238E74EB00164578 /* main.m */,
			);
			path = CSV2Plist;
			sourceTree = "<group>";
		};
		FFB83B5A238E754A00164578 /* CSVParse */ = {
			isa = PBXGroup;
			children = (
				FFB83B5C238E755E00164578 /* parseCSV.h */,
				FFB83B5D238E755E00164578 /* parseCSV.m */,
				FFB83B5B238E755E00164578 /* JXArcCompatibilityMacros.h */,
			);
			path = CSVParse;
			sourceTree = "<group>";
		};
		FFB83B5F238E756400164578 /* SimpleToTradition */ = {
			isa = PBXGroup;
			children = (
				FFB83B60238E758600164578 /* NSString+FGReverser.h */,
				FFB83B61238E758600164578 /* NSString+FGReverser.m */,
			);
			path = SimpleToTradition;
			sourceTree = "<group>";
		};
/* End PBXGroup section */

/* Begin PBXNativeTarget section */
		FFB83B4F238E74EB00164578 /* CSV2Plist */ = {
			isa = PBXNativeTarget;
			buildConfigurationList = FFB83B57238E74EB00164578 /* Build configuration list for PBXNativeTarget "CSV2Plist" */;
			buildPhases = (
				FFB83B4C238E74EB00164578 /* Sources */,
				FFB83B4D238E74EB00164578 /* Frameworks */,
				FFB83B4E238E74EB00164578 /* CopyFiles */,
			);
			buildRules = (
			);
			dependencies = (
			);
			name = CSV2Plist;
			productName = CSV2Plist;
			productReference = FFB83B50238E74EB00164578 /* CSV2Plist */;
			productType = "com.apple.product-type.tool";
		};
/* End PBXNativeTarget section */

/* Begin PBXProject section */
		FFB83B48238E74EB00164578 /* Project object */ = {
			isa = PBXProject;
			attributes = {
				LastUpgradeCheck = 1030;
				ORGANIZATIONNAME = Shushangyun;
				TargetAttributes = {
					FFB83B4F238E74EB00164578 = {
						CreatedOnToolsVersion = 10.3;
					};
				};
			};
			buildConfigurationList = FFB83B4B238E74EB00164578 /* Build configuration list for PBXProject "CSV2Plist" */;
			compatibilityVersion = "Xcode 9.3";
			developmentRegion = en;
			hasScannedForEncodings = 0;
			knownRegions = (
				en,
			);
			mainGroup = FFB83B47238E74EB00164578;
			productRefGroup = FFB83B51238E74EB00164578 /* Products */;
			projectDirPath = "";
			projectRoot = "";
			targets = (
				FFB83B4F238E74EB00164578 /* CSV2Plist */,
			);
		};
/* End PBXProject section */

/* Begin PBXSourcesBuildPhase section */
		FFB83B4C238E74EB00164578 /* Sources */ = {
			isa = PBXSourcesBuildPhase;
			buildActionMask = 2147483647;
			files = (
				FFB83B5E238E755E00164578 /* parseCSV.m in Sources */,
				FFB83B54238E74EB00164578 /* main.m in Sources */,
				FFB83B62238E758600164578 /* NSString+FGReverser.m in Sources */,
			);
			runOnlyForDeploymentPostprocessing = 0;
		};
/* End PBXSourcesBuildPhase section */

/* Begin XCBuildConfiguration section */
		FFB83B55238E74EB00164578 /* Debug */ = {
			isa = XCBuildConfiguration;
			buildSettings = {
				ALWAYS_SEARCH_USER_PATHS = NO;
				CLANG_ANALYZER_NONNULL = YES;
				CLANG_ANALYZER_NUMBER_OBJECT_CONVERSION = YES_AGGRESSIVE;
				CLANG_CXX_LANGUAGE_STANDARD = "gnu++14";
				CLANG_CXX_LIBRARY = "libc++";
				CLANG_ENABLE_MODULES = YES;
				CLANG_ENABLE_OBJC_ARC = YES;
				CLANG_ENABLE_OBJC_WEAK = YES;
				CLANG_WARN_BLOCK_CAPTURE_AUTORELEASING = YES;
				CLANG_WARN_BOOL_CONVERSION = YES;
				CLANG_WARN_COMMA = YES;
				CLANG_WARN_CONSTANT_CONVERSION = YES;
				CLANG_WARN_DEPRECATED_OBJC_IMPLEMENTATIONS = YES;
				CLANG_WARN_DIRECT_OBJC_ISA_USAGE = YES_ERROR;
				CLANG_WARN_DOCUMENTATION_COMMENTS = YES;
				CLANG_WARN_EMPTY_BODY = YES;
				CLANG_WARN_ENUM_CONVERSION = YES;
				CLANG_WARN_INFINITE_RECURSION = YES;
				CLANG_WARN_INT_CONVERSION = YES;
				CLANG_WARN_NON_LITERAL_NULL_CONVERSION = YES;
				CLANG_WARN_OBJC_IMPLICIT_RETAIN_SELF = YES;
				CLANG_WARN_OBJC_LITERAL_CONVERSION = YES;
				CLANG_WARN_OBJC_ROOT_CLASS = YES_ERROR;
				CLANG_WARN_RANGE_LOOP_ANALYSIS = YES;
				CLANG_WARN_STRICT_PROTOTYPES = YES;
				CLANG_WARN_SUSPICIOUS_MOVE = YES;
				CLANG_WARN_UNGUARDED_AVAILABILITY = YES_AGGRESSIVE;
				CLANG_WARN_UNREACHABLE_CODE = YES;
				CLANG_WARN__DUPLICATE_METHOD_MATCH = YES;
				CODE_SIGN_IDENTITY = "-";
				COPY_PHASE_STRIP = NO;
				DEBUG_INFORMATION_FORMAT = dwarf;
				ENABLE_STRICT_OBJC_MSGSEND = YES;
				ENABLE_TESTABILITY = YES;
				GCC_C_LANGUAGE_STANDARD = gnu11;
				GCC_DYNAMIC_NO_PIC = NO;
				GCC_NO_COMMON_BLOCKS = YES;
				GCC_OPTIMIZATION_LEVEL = 0;
				GCC_PREPROCESSOR_DEFINITIONS = (
					"DEBUG=1",
					"$(inherited)",
				);
				GCC_WARN_64_TO_32_BIT_CONVERSION = YES;
				GCC_WARN_ABOUT_RETURN_TYPE = YES_ERROR;
				GCC_WARN_UNDECLARED_SELECTOR = YES;
				GCC_WARN_UNINITIALIZED_AUTOS = YES_AGGRESSIVE;
				GCC_WARN_UNUSED_FUNCTION = YES;
				GCC_WARN_UNUSED_VARIABLE = YES;
				MACOSX_DEPLOYMENT_TARGET = 10.14;
				MTL_ENABLE_DEBUG_INFO = INCLUDE_SOURCE;
				MTL_FAST_MATH = YES;
				ONLY_ACTIVE_ARCH = YES;
				SDKROOT = macosx;
			};
			name = Debug;
		};
		FFB83B56238E74EB00164578 /* Release */ = {
			isa = XCBuildConfiguration;
			buildSettings = {
				ALWAYS_SEARCH_USER_PATHS = NO;
				CLANG_ANALYZER_NONNULL = YES;
				CLANG_ANALYZER_NUMBER_OBJECT_CONVERSION = YES_AGGRESSIVE;
				CLANG_CXX_LANGUAGE_STANDARD = "gnu++14";
				CLANG_CXX_LIBRARY = "libc++";
				CLANG_ENABLE_MODULES = YES;
				CLANG_ENABLE_OBJC_ARC = YES;
				CLANG_ENABLE_OBJC_WEAK = YES;
				CLANG_WARN_BLOCK_CAPTURE_AUTORELEASING = YES;
				CLANG_WARN_BOOL_CONVERSION = YES;
				CLANG_WARN_COMMA = YES;
				CLANG_WARN_CONSTANT_CONVERSION = YES;
				CLANG_WARN_DEPRECATED_OBJC_IMPLEMENTATIONS = YES;
				CLANG_WARN_DIRECT_OBJC_ISA_USAGE = YES_ERROR;
				CLANG_WARN_DOCUMENTATION_COMMENTS = YES;
				CLANG_WARN_EMPTY_BODY = YES;
				CLANG_WARN_ENUM_CONVERSION = YES;
				CLANG_WARN_INFINITE_RECURSION = YES;
				CLANG_WARN_INT_CONVERSION = YES;
				CLANG_WARN_NON_LITERAL_NULL_CONVERSION = YES;
				CLANG_WARN_OBJC_IMPLICIT_RETAIN_SELF = YES;
				CLANG_WARN_OBJC_LITERAL_CONVERSION = YES;
				CLANG_WARN_OBJC_ROOT_CLASS = YES_ERROR;
				CLANG_WARN_RANGE_LOOP_ANALYSIS = YES;
				CLANG_WARN_STRICT_PROTOTYPES = YES;
				CLANG_WARN_SUSPICIOUS_MOVE = YES;
				CLANG_WARN_UNGUARDED_AVAILABILITY = YES_AGGRESSIVE;
				CLANG_WARN_UNREACHABLE_CODE = YES;
				CLANG_WARN__DUPLICATE_METHOD_MATCH = YES;
				CODE_SIGN_IDENTITY = "-";
				COPY_PHASE_STRIP = NO;
				DEBUG_INFORMATION_FORMAT = "dwarf-with-dsym";
				ENABLE_NS_ASSERTIONS = NO;
				ENABLE_STRICT_OBJC_MSGSEND = YES;
				GCC_C_LANGUAGE_STANDARD = gnu11;
				GCC_NO_COMMON_BLOCKS = YES;
				GCC_WARN_64_TO_32_BIT_CONVERSION = YES;
				GCC_WARN_ABOUT_RETURN_TYPE = YES_ERROR;
				GCC_WARN_UNDECLARED_SELECTOR = YES;
				GCC_WARN_UNINITIALIZED_AUTOS = YES_AGGRESSIVE;
				GCC_WARN_UNUSED_FUNCTION = YES;
				GCC_WARN_UNUSED_VARIABLE = YES;
				MACOSX_DEPLOYMENT_TARGET = 10.14;
				MTL_ENABLE_DEBUG_INFO = NO;
				MTL_FAST_MATH = YES;
				SDKROOT = macosx;
			};
			name = Release;
		};
		FFB83B58238E74EB00164578 /* Debug */ = {
			isa = XCBuildConfiguration;
			buildSettings = {
				CODE_SIGN_STYLE = Automatic;
				PRODUCT_NAME = "$(TARGET_NAME)";
			};
			name = Debug;
		};
		FFB83B59238E74EB00164578 /* Release */ = {
			isa = XCBuildConfiguration;
			buildSettings = {
				CODE_SIGN_STYLE = Automatic;
				PRODUCT_NAME = "$(TARGET_NAME)";
			};
			name = Release;
		};
/* End XCBuildConfiguration section */

/* Begin XCConfigurationList section */
		FFB83B4B238E74EB00164578 /* Build configuration list for PBXProject "CSV2Plist" */ = {
			isa = XCConfigurationList;
			buildConfigurations = (
				FFB83B55238E74EB00164578 /* Debug */,
				FFB83B56238E74EB00164578 /* Release */,
			);
			defaultConfigurationIsVisible = 0;
			defaultConfigurationName = Release;
		};
		FFB83B57238E74EB00164578 /* Build configuration list for PBXNativeTarget "CSV2Plist" */ = {
			isa = XCConfigurationList;
			buildConfigurations = (
				FFB83B58238E74EB00164578 /* Debug */,
				FFB83B59238E74EB00164578 /* Release */,
			);
			defaultConfigurationIsVisible = 0;
			defaultConfigurationName = Release;
		};
/* End XCConfigurationList section */
	};
	rootObject = FFB83B48238E74EB00164578 /* Project object */;
}
